
Microsoft Visual Studio Solution File, Format Version 12.00
# Visual Studio Version 17
VisualStudioVersion = 17.5.33502.453
MinimumVisualStudioVersion = 10.0.40219.1
Project("{FAE04EC0-301F-11D3-BF4B-00C04F79EFBC}") = "Minefiled", "Minefiled\Minefiled.csproj", "{B60FB2CD-E6A2-46B0-B169-64F5B57AB62C}"
EndProject
Global
	GlobalSection(SolutionConfigurationPlatforms) = preSolution
		Debug|Any CPU = Debug|Any CPU
		Release|Any CPU = Release|Any CPU
	EndGlobalSection
	GlobalSection(ProjectConfigurationPlatforms) = postSolution
		{B60FB2CD-E6A2-46B0-B169-64F5B57AB62C}.Debug|Any CPU.ActiveCfg = Debug|Any CPU
		{B60FB2CD-E6A2-46B0-B169-64F5B57AB62C}.Debug|Any CPU.Build.0 = Debug|Any CPU
		{B60FB2CD-E6A2-46B0-B169-64F5B57AB62C}.Release|Any CPU.ActiveCfg = Release|Any CPU
		{B60FB2CD-E6A2-46B0-B169-64F5B57AB62C}.Release|Any CPU.Build.0 = Release|Any CPU
	EndGlobalSection
	GlobalSection(SolutionProperties) = preSolution
		HideSolutionNode = FALSE
	EndGlobalSection
	GlobalSection(ExtensibilityGlobals) = postSolution
		SolutionGuid = {9061C602-723F-447F-84F6-C3011E52B9F2}
	EndGlobalSection
EndGlobal
